
Microsoft Visual Studio Solution File, Format Version 12.00
# Visual Studio Version 16
VisualStudioVersion = 16.0.30204.135
MinimumVisualStudioVersion = 10.0.40219.1
Project("{FAE04EC0-301F-11D3-BF4B-00C04F79EFBC}") = "AgersiWebApi", "AgersiWebApi\AgersiWebApi.csproj", "{9E12CA91-7286-4795-9B67-6F4464EB465B}"
EndProject
Global
	GlobalSection(SolutionConfigurationPlatforms) = preSolution
		Debug|Any CPU = Debug|Any CPU
		Release|Any CPU = Release|Any CPU
	EndGlobalSection
	GlobalSection(ProjectConfigurationPlatforms) = postSolution
		{9E12CA91-7286-4795-9B67-6F4464EB465B}.Debug|Any CPU.ActiveCfg = Debug|Any CPU
		{9E12CA91-7286-4795-9B67-6F4464EB465B}.Debug|Any CPU.Build.0 = Debug|Any CPU
		{9E12CA91-7286-4795-9B67-6F4464EB465B}.Release|Any CPU.ActiveCfg = Release|Any CPU
		{9E12CA91-7286-4795-9B67-6F4464EB465B}.Release|Any CPU.Build.0 = Release|Any CPU
	EndGlobalSection
	GlobalSection(SolutionProperties) = preSolution
		HideSolutionNode = FALSE
	EndGlobalSection
	GlobalSection(ExtensibilityGlobals) = postSolution
		SolutionGuid = {6F517E0F-5649-467E-A2A2-5A51AC14F70F}
	EndGlobalSection
EndGlobal
